// !$*UTF8*$!
{
	archiveVersion = 1;
	classes = {
	};
	objectVersion = 46;
	objects = {

/* Begin PBXBuildFile section */
		3C0C6B301B28934400EB3BD7 /* 2dLight.vsh in Resources */ = {isa = PBXBuildFile; fileRef = 3C0C6B2F1B28934400EB3BD7 /* 2dLight.vsh */; };
		3C0C6B321B28935B00EB3BD7 /* 2dLight.fsh in Resources */ = {isa = PBXBuildFile; fileRef = 3C0C6B311B28935B00EB3BD7 /* 2dLight.fsh */; };
		3C0C6B371B29E01E00EB3BD7 /* ArrayBuffer.m in Sources */ = {isa = PBXBuildFile; fileRef = 3C0C6B361B29E01E00EB3BD7 /* ArrayBuffer.m */; };
		3C0C6B3A1B2AE2B200EB3BD7 /* Buffer.m in Sources */ = {isa = PBXBuildFile; fileRef = 3C0C6B391B2AE2B200EB3BD7 /* Buffer.m */; };
		3C0C6B401B2AE62300EB3BD7 /* IndexBuffer.m in Sources */ = {isa = PBXBuildFile; fileRef = 3C0C6B3F1B2AE62300EB3BD7 /* IndexBuffer.m */; };
		3C0C6B431B2B224400EB3BD7 /* Render2d.m in Sources */ = {isa = PBXBuildFile; fileRef = 3C0C6B421B2B224400EB3BD7 /* Render2d.m */; };
		3C0C6B491B2B22C700EB3BD7 /* RenderableObject.m in Sources */ = {isa = PBXBuildFile; fileRef = 3C0C6B481B2B22C700EB3BD7 /* RenderableObject.m */; };
		3C0C6B4C1B2B409800EB3BD7 /* FirstRender2d.m in Sources */ = {isa = PBXBuildFile; fileRef = 3C0C6B4B1B2B409800EB3BD7 /* FirstRender2d.m */; };
		3C0C6B501B2F8CAA00EB3BD7 /* BatchRender2d.m in Sources */ = {isa = PBXBuildFile; fileRef = 3C0C6B4F1B2F8CAA00EB3BD7 /* BatchRender2d.m */; };
		3C2C69191B377E6100EC2ACF /* Layer.m in Sources */ = {isa = PBXBuildFile; fileRef = 3C2C69181B377E6100EC2ACF /* Layer.m */; };
		3C2C691C1B383F6D00EC2ACF /* Texture.m in Sources */ = {isa = PBXBuildFile; fileRef = 3C2C691B1B383F6D00EC2ACF /* Texture.m */; };
		3C2C691F1B38480F00EC2ACF /* crate.jpg in Resources */ = {isa = PBXBuildFile; fileRef = 3C2C691E1B38480F00EC2ACF /* crate.jpg */; };
		3C6521971B0AAA6900AAA7A3 /* main.m in Sources */ = {isa = PBXBuildFile; fileRef = 3C6521961B0AAA6900AAA7A3 /* main.m */; };
		3C65219A1B0AAA6900AAA7A3 /* AppDelegate.m in Sources */ = {isa = PBXBuildFile; fileRef = 3C6521991B0AAA6900AAA7A3 /* AppDelegate.m */; };
		3C65219C1B0AAA6900AAA7A3 /* Shader.fsh in Resources */ = {isa = PBXBuildFile; fileRef = 3C65219B1B0AAA6900AAA7A3 /* Shader.fsh */; };
		3C65219E1B0AAA6900AAA7A3 /* Shader.vsh in Resources */ = {isa = PBXBuildFile; fileRef = 3C65219D1B0AAA6900AAA7A3 /* Shader.vsh */; };
		3C6521A11B0AAA6900AAA7A3 /* GameViewController.m in Sources */ = {isa = PBXBuildFile; fileRef = 3C6521A01B0AAA6900AAA7A3 /* GameViewController.m */; };
		3C6521A41B0AAA6900AAA7A3 /* Main.storyboard in Resources */ = {isa = PBXBuildFile; fileRef = 3C6521A21B0AAA6900AAA7A3 /* Main.storyboard */; };
		3C6521A61B0AAA6900AAA7A3 /* Images.xcassets in Resources */ = {isa = PBXBuildFile; fileRef = 3C6521A51B0AAA6900AAA7A3 /* Images.xcassets */; };
		3C6521A91B0AAA6900AAA7A3 /* LaunchScreen.xib in Resources */ = {isa = PBXBuildFile; fileRef = 3C6521A71B0AAA6900AAA7A3 /* LaunchScreen.xib */; };
		3C6521B51B0AAA6900AAA7A3 /* DirtyBallsTests.m in Sources */ = {isa = PBXBuildFile; fileRef = 3C6521B41B0AAA6900AAA7A3 /* DirtyBallsTests.m */; };
		3C7A33A61B10043000159E36 /* ShaderProgram.m in Sources */ = {isa = PBXBuildFile; fileRef = 3C7A33A51B10043000159E36 /* ShaderProgram.m */; };
/* End PBXBuildFile section */

/* Begin PBXContainerItemProxy section */
		3C6521AF1B0AAA6900AAA7A3 /* PBXContainerItemProxy */ = {
			isa = PBXContainerItemProxy;
			containerPortal = 3C6521891B0AAA6900AAA7A3 /* Project object */;
			proxyType = 1;
			remoteGlobalIDString = 3C6521901B0AAA6900AAA7A3;
			remoteInfo = DirtyBalls;
		};
/* End PBXContainerItemProxy section */

/* Begin PBXFileReference section */
		3C0C6B2F1B28934400EB3BD7 /* 2dLight.vsh */ = {isa = PBXFileReference; fileEncoding = 4; lastKnownFileType = sourcecode.glsl; name = 2dLight.vsh; path = ../2dLight.vsh; sourceTree = "<group>"; };
		3C0C6B311B28935B00EB3BD7 /* 2dLight.fsh */ = {isa = PBXFileReference; fileEncoding = 4; lastKnownFileType = sourcecode.glsl; path = 2dLight.fsh; sourceTree = "<group>"; };
		3C0C6B351B29E01E00EB3BD7 /* ArrayBuffer.h */ = {isa = PBXFileReference; fileEncoding = 4; lastKnownFileType = sourcecode.c.h; path = ArrayBuffer.h; sourceTree = "<group>"; };
		3C0C6B361B29E01E00EB3BD7 /* ArrayBuffer.m */ = {isa = PBXFileReference; fileEncoding = 4; lastKnownFileType = sourcecode.c.objc; path = ArrayBuffer.m; sourceTree = "<group>"; };
		3C0C6B381B2AE2B200EB3BD7 /* Buffer.h */ = {isa = PBXFileReference; fileEncoding = 4; lastKnownFileType = sourcecode.c.h; path = Buffer.h; sourceTree = "<group>"; };
		3C0C6B391B2AE2B200EB3BD7 /* Buffer.m */ = {isa = PBXFileReference; fileEncoding = 4; lastKnownFileType = sourcecode.c.objc; path = Buffer.m; sourceTree = "<group>"; };
		3C0C6B3E1B2AE62300EB3BD7 /* IndexBuffer.h */ = {isa = PBXFileReference; fileEncoding = 4; lastKnownFileType = sourcecode.c.h; path = IndexBuffer.h; sourceTree = "<group>"; };
		3C0C6B3F1B2AE62300EB3BD7 /* IndexBuffer.m */ = {isa = PBXFileReference; fileEncoding = 4; lastKnownFileType = sourcecode.c.objc; path = IndexBuffer.m; sourceTree = "<group>"; };
		3C0C6B411B2B224400EB3BD7 /* Render2d.h */ = {isa = PBXFileReference; fileEncoding = 4; lastKnownFileType = sourcecode.c.h; path = Render2d.h; sourceTree = "<group>"; };
		3C0C6B421B2B224400EB3BD7 /* Render2d.m */ = {isa = PBXFileReference; fileEncoding = 4; lastKnownFileType = sourcecode.c.objc; path = Render2d.m; sourceTree = "<group>"; };
		3C0C6B471B2B22C700EB3BD7 /* RenderableObject.h */ = {isa = PBXFileReference; fileEncoding = 4; lastKnownFileType = sourcecode.c.h; path = RenderableObject.h; sourceTree = "<group>"; };
		3C0C6B481B2B22C700EB3BD7 /* RenderableObject.m */ = {isa = PBXFileReference; fileEncoding = 4; lastKnownFileType = sourcecode.c.objc; path = RenderableObject.m; sourceTree = "<group>"; };
		3C0C6B4A1B2B409800EB3BD7 /* FirstRender2d.h */ = {isa = PBXFileReference; fileEncoding = 4; lastKnownFileType = sourcecode.c.h; path = FirstRender2d.h; sourceTree = "<group>"; };
		3C0C6B4B1B2B409800EB3BD7 /* FirstRender2d.m */ = {isa = PBXFileReference; fileEncoding = 4; lastKnownFileType = sourcecode.c.objc; path = FirstRender2d.m; sourceTree = "<group>"; };
		3C0C6B4E1B2F8CAA00EB3BD7 /* BatchRender2d.h */ = {isa = PBXFileReference; fileEncoding = 4; lastKnownFileType = sourcecode.c.h; path = BatchRender2d.h; sourceTree = "<group>"; };
		3C0C6B4F1B2F8CAA00EB3BD7 /* BatchRender2d.m */ = {isa = PBXFileReference; fileEncoding = 4; lastKnownFileType = sourcecode.c.objc; path = BatchRender2d.m; sourceTree = "<group>"; };
		3C2C69171B377E6100EC2ACF /* Layer.h */ = {isa = PBXFileReference; fileEncoding = 4; lastKnownFileType = sourcecode.c.h; path = Layer.h; sourceTree = "<group>"; };
		3C2C69181B377E6100EC2ACF /* Layer.m */ = {isa = PBXFileReference; fileEncoding = 4; lastKnownFileType = sourcecode.c.objc; path = Layer.m; sourceTree = "<group>"; };
		3C2C691A1B383F6D00EC2ACF /* Texture.h */ = {isa = PBXFileReference; fileEncoding = 4; lastKnownFileType = sourcecode.c.h; path = Texture.h; sourceTree = "<group>"; };
		3C2C691B1B383F6D00EC2ACF /* Texture.m */ = {isa = PBXFileReference; fileEncoding = 4; lastKnownFileType = sourcecode.c.objc; path = Texture.m; sourceTree = "<group>"; };
		3C2C691E1B38480F00EC2ACF /* crate.jpg */ = {isa = PBXFileReference; lastKnownFileType = image.jpeg; path = crate.jpg; sourceTree = "<group>"; };
		3C6521911B0AAA6900AAA7A3 /* DirtyBalls.app */ = {isa = PBXFileReference; explicitFileType = wrapper.application; includeInIndex = 0; path = DirtyBalls.app; sourceTree = BUILT_PRODUCTS_DIR; };
		3C6521951B0AAA6900AAA7A3 /* Info.plist */ = {isa = PBXFileReference; lastKnownFileType = text.plist.xml; path = Info.plist; sourceTree = "<group>"; };
		3C6521961B0AAA6900AAA7A3 /* main.m */ = {isa = PBXFileReference; lastKnownFileType = sourcecode.c.objc; path = main.m; sourceTree = "<group>"; };
		3C6521981B0AAA6900AAA7A3 /* AppDelegate.h */ = {isa = PBXFileReference; lastKnownFileType = sourcecode.c.h; path = AppDelegate.h; sourceTree = "<group>"; };
		3C6521991B0AAA6900AAA7A3 /* AppDelegate.m */ = {isa = PBXFileReference; lastKnownFileType = sourcecode.c.objc; path = AppDelegate.m; sourceTree = "<group>"; };
		3C65219B1B0AAA6900AAA7A3 /* Shader.fsh */ = {isa = PBXFileReference; lastKnownFileType = sourcecode.glsl; name = Shader.fsh; path = Shaders/Shader.fsh; sourceTree = "<group>"; };
		3C65219D1B0AAA6900AAA7A3 /* Shader.vsh */ = {isa = PBXFileReference; lastKnownFileType = sourcecode.glsl; name = Shader.vsh; path = Shaders/Shader.vsh; sourceTree = "<group>"; };
		3C65219F1B0AAA6900AAA7A3 /* GameViewController.h */ = {isa = PBXFileReference; lastKnownFileType = sourcecode.c.h; path = GameViewController.h; sourceTree = "<group>"; };
		3C6521A01B0AAA6900AAA7A3 /* GameViewController.m */ = {isa = PBXFileReference; lastKnownFileType = sourcecode.c.objc; path = GameViewController.m; sourceTree = "<group>"; };
		3C6521A31B0AAA6900AAA7A3 /* Base */ = {isa = PBXFileReference; lastKnownFileType = file.storyboard; name = Base; path = Base.lproj/Main.storyboard; sourceTree = "<group>"; };
		3C6521A51B0AAA6900AAA7A3 /* Images.xcassets */ = {isa = PBXFileReference; lastKnownFileType = folder.assetcatalog; path = Images.xcassets; sourceTree = "<group>"; };
		3C6521A81B0AAA6900AAA7A3 /* Base */ = {isa = PBXFileReference; lastKnownFileType = file.xib; name = Base; path = Base.lproj/LaunchScreen.xib; sourceTree = "<group>"; };
		3C6521AE1B0AAA6900AAA7A3 /* DirtyBallsTests.xctest */ = {isa = PBXFileReference; explicitFileType = wrapper.cfbundle; includeInIndex = 0; path = DirtyBallsTests.xctest; sourceTree = BUILT_PRODUCTS_DIR; };
		3C6521B31B0AAA6900AAA7A3 /* Info.plist */ = {isa = PBXFileReference; lastKnownFileType = text.plist.xml; path = Info.plist; sourceTree = "<group>"; };
		3C6521B41B0AAA6900AAA7A3 /* DirtyBallsTests.m */ = {isa = PBXFileReference; lastKnownFileType = sourcecode.c.objc; path = DirtyBallsTests.m; sourceTree = "<group>"; };
		3C7A33A41B10043000159E36 /* ShaderProgram.h */ = {isa = PBXFileReference; fileEncoding = 4; lastKnownFileType = sourcecode.c.h; path = ShaderProgram.h; sourceTree = "<group>"; };
		3C7A33A51B10043000159E36 /* ShaderProgram.m */ = {isa = PBXFileReference; fileEncoding = 4; lastKnownFileType = sourcecode.c.objc; path = ShaderProgram.m; sourceTree = "<group>"; };
		3C7A33AA1B12458B00159E36 /* Vertex.h */ = {isa = PBXFileReference; lastKnownFileType = sourcecode.c.h; path = Vertex.h; sourceTree = "<group>"; };
/* End PBXFileReference section */

/* Begin PBXFrameworksBuildPhase section */
		3C65218E1B0AAA6900AAA7A3 /* Frameworks */ = {
			isa = PBXFrameworksBuildPhase;
			buildActionMask = 2147483647;
			files = (
			);
			runOnlyForDeploymentPostprocessing = 0;
		};
		3C6521AB1B0AAA6900AAA7A3 /* Frameworks */ = {
			isa = PBXFrameworksBuildPhase;
			buildActionMask = 2147483647;
			files = (
			);
			runOnlyForDeploymentPostprocessing = 0;
		};
/* End PBXFrameworksBuildPhase section */

/* Begin PBXGroup section */
		3C0C6B331B29DFEB00EB3BD7 /* Shaders */ = {
			isa = PBXGroup;
			children = (
				3C0C6B311B28935B00EB3BD7 /* 2dLight.fsh */,
				3C0C6B2F1B28934400EB3BD7 /* 2dLight.vsh */,
				3C65219B1B0AAA6900AAA7A3 /* Shader.fsh */,
				3C65219D1B0AAA6900AAA7A3 /* Shader.vsh */,
			);
			name = Shaders;
			sourceTree = "<group>";
		};
		3C0C6B341B29E00500EB3BD7 /* Render */ = {
			isa = PBXGroup;
			children = (
				3C0C6B351B29E01E00EB3BD7 /* ArrayBuffer.h */,
				3C0C6B361B29E01E00EB3BD7 /* ArrayBuffer.m */,
				3C0C6B381B2AE2B200EB3BD7 /* Buffer.h */,
				3C0C6B391B2AE2B200EB3BD7 /* Buffer.m */,
				3C0C6B3E1B2AE62300EB3BD7 /* IndexBuffer.h */,
				3C0C6B3F1B2AE62300EB3BD7 /* IndexBuffer.m */,
				3C0C6B411B2B224400EB3BD7 /* Render2d.h */,
				3C0C6B421B2B224400EB3BD7 /* Render2d.m */,
				3C0C6B471B2B22C700EB3BD7 /* RenderableObject.h */,
				3C0C6B481B2B22C700EB3BD7 /* RenderableObject.m */,
				3C0C6B4A1B2B409800EB3BD7 /* FirstRender2d.h */,
				3C0C6B4B1B2B409800EB3BD7 /* FirstRender2d.m */,
				3C0C6B4E1B2F8CAA00EB3BD7 /* BatchRender2d.h */,
				3C0C6B4F1B2F8CAA00EB3BD7 /* BatchRender2d.m */,
				3C7A33AA1B12458B00159E36 /* Vertex.h */,
				3C2C69171B377E6100EC2ACF /* Layer.h */,
				3C2C69181B377E6100EC2ACF /* Layer.m */,
				3C2C691A1B383F6D00EC2ACF /* Texture.h */,
				3C2C691B1B383F6D00EC2ACF /* Texture.m */,
			);
			name = Render;
			sourceTree = "<group>";
		};
		3C2C691D1B3847DE00EC2ACF /* Resources */ = {
			isa = PBXGroup;
			children = (
				3C2C691E1B38480F00EC2ACF /* crate.jpg */,
			);
			name = Resources;
			sourceTree = "<group>";
		};
		3C6521881B0AAA6900AAA7A3 = {
			isa = PBXGroup;
			children = (
				3C6521931B0AAA6900AAA7A3 /* DirtyBalls */,
				3C6521B11B0AAA6900AAA7A3 /* DirtyBallsTests */,
				3C6521921B0AAA6900AAA7A3 /* Products */,
			);
			sourceTree = "<group>";
		};
		3C6521921B0AAA6900AAA7A3 /* Products */ = {
			isa = PBXGroup;
			children = (
				3C6521911B0AAA6900AAA7A3 /* DirtyBalls.app */,
				3C6521AE1B0AAA6900AAA7A3 /* DirtyBallsTests.xctest */,
			);
			name = Products;
			sourceTree = "<group>";
		};
		3C6521931B0AAA6900AAA7A3 /* DirtyBalls */ = {
			isa = PBXGroup;
			children = (
				3C2C691D1B3847DE00EC2ACF /* Resources */,
				3C0C6B341B29E00500EB3BD7 /* Render */,
				3C0C6B331B29DFEB00EB3BD7 /* Shaders */,
				3C6521981B0AAA6900AAA7A3 /* AppDelegate.h */,
				3C6521991B0AAA6900AAA7A3 /* AppDelegate.m */,
				3C65219F1B0AAA6900AAA7A3 /* GameViewController.h */,
				3C6521A01B0AAA6900AAA7A3 /* GameViewController.m */,
				3C6521A21B0AAA6900AAA7A3 /* Main.storyboard */,
				3C6521A51B0AAA6900AAA7A3 /* Images.xcassets */,
				3C6521A71B0AAA6900AAA7A3 /* LaunchScreen.xib */,
				3C6521941B0AAA6900AAA7A3 /* Supporting Files */,
				3C7A33A41B10043000159E36 /* ShaderProgram.h */,
				3C7A33A51B10043000159E36 /* ShaderProgram.m */,
			);
			path = DirtyBalls;
			sourceTree = "<group>";
		};
		3C6521941B0AAA6900AAA7A3 /* Supporting Files */ = {
			isa = PBXGroup;
			children = (
				3C6521951B0AAA6900AAA7A3 /* Info.plist */,
				3C6521961B0AAA6900AAA7A3 /* main.m */,
			);
			name = "Supporting Files";
			sourceTree = "<group>";
		};
		3C6521B11B0AAA6900AAA7A3 /* DirtyBallsTests */ = {
			isa = PBXGroup;
			children = (
				3C6521B41B0AAA6900AAA7A3 /* DirtyBallsTests.m */,
				3C6521B21B0AAA6900AAA7A3 /* Supporting Files */,
			);
			path = DirtyBallsTests;
			sourceTree = "<group>";
		};
		3C6521B21B0AAA6900AAA7A3 /* Supporting Files */ = {
			isa = PBXGroup;
			children = (
				3C6521B31B0AAA6900AAA7A3 /* Info.plist */,
			);
			name = "Supporting Files";
			sourceTree = "<group>";
		};
/* End PBXGroup section */

/* Begin PBXNativeTarget section */
		3C6521901B0AAA6900AAA7A3 /* DirtyBalls */ = {
			isa = PBXNativeTarget;
			buildConfigurationList = 3C6521B81B0AAA6900AAA7A3 /* Build configuration list for PBXNativeTarget "DirtyBalls" */;
			buildPhases = (
				3C65218D1B0AAA6900AAA7A3 /* Sources */,
				3C65218E1B0AAA6900AAA7A3 /* Frameworks */,
				3C65218F1B0AAA6900AAA7A3 /* Resources */,
			);
			buildRules = (
			);
			dependencies = (
			);
			name = DirtyBalls;
			productName = DirtyBalls;
			productReference = 3C6521911B0AAA6900AAA7A3 /* DirtyBalls.app */;
			productType = "com.apple.product-type.application";
		};
		3C6521AD1B0AAA6900AAA7A3 /* DirtyBallsTests */ = {
			isa = PBXNativeTarget;
			buildConfigurationList = 3C6521BB1B0AAA6900AAA7A3 /* Build configuration list for PBXNativeTarget "DirtyBallsTests" */;
			buildPhases = (
				3C6521AA1B0AAA6900AAA7A3 /* Sources */,
				3C6521AB1B0AAA6900AAA7A3 /* Frameworks */,
				3C6521AC1B0AAA6900AAA7A3 /* Resources */,
			);
			buildRules = (
			);
			dependencies = (
				3C6521B01B0AAA6900AAA7A3 /* PBXTargetDependency */,
			);
			name = DirtyBallsTests;
			productName = DirtyBallsTests;
			productReference = 3C6521AE1B0AAA6900AAA7A3 /* DirtyBallsTests.xctest */;
			productType = "com.apple.product-type.bundle.unit-test";
		};
/* End PBXNativeTarget section */

/* Begin PBXProject section */
		3C6521891B0AAA6900AAA7A3 /* Project object */ = {
			isa = PBXProject;
			attributes = {
				LastUpgradeCheck = 0630;
				ORGANIZATIONNAME = Valeriy;
				TargetAttributes = {
					3C6521901B0AAA6900AAA7A3 = {
						CreatedOnToolsVersion = 6.3.1;
					};
					3C6521AD1B0AAA6900AAA7A3 = {
						CreatedOnToolsVersion = 6.3.1;
						TestTargetID = 3C6521901B0AAA6900AAA7A3;
					};
				};
			};
			buildConfigurationList = 3C65218C1B0AAA6900AAA7A3 /* Build configuration list for PBXProject "DirtyBalls" */;
			compatibilityVersion = "Xcode 3.2";
			developmentRegion = English;
			hasScannedForEncodings = 0;
			knownRegions = (
				en,
				Base,
			);
			mainGroup = 3C6521881B0AAA6900AAA7A3;
			productRefGroup = 3C6521921B0AAA6900AAA7A3 /* Products */;
			projectDirPath = "";
			projectRoot = "";
			targets = (
				3C6521901B0AAA6900AAA7A3 /* DirtyBalls */,
				3C6521AD1B0AAA6900AAA7A3 /* DirtyBallsTests */,
			);
		};
/* End PBXProject section */

/* Begin PBXResourcesBuildPhase section */
		3C65218F1B0AAA6900AAA7A3 /* Resources */ = {
			isa = PBXResourcesBuildPhase;
			buildActionMask = 2147483647;
			files = (
				3C0C6B301B28934400EB3BD7 /* 2dLight.vsh in Resources */,
				3C0C6B321B28935B00EB3BD7 /* 2dLight.fsh in Resources */,
				3C6521A91B0AAA6900AAA7A3 /* LaunchScreen.xib in Resources */,
				3C6521A41B0AAA6900AAA7A3 /* Main.storyboard in Resources */,
				3C6521A61B0AAA6900AAA7A3 /* Images.xcassets in Resources */,
				3C65219E1B0AAA6900AAA7A3 /* Shader.vsh in Resources */,
				3C65219C1B0AAA6900AAA7A3 /* Shader.fsh in Resources */,
				3C2C691F1B38480F00EC2ACF /* crate.jpg in Resources */,
			);
			runOnlyForDeploymentPostprocessing = 0;
		};
		3C6521AC1B0AAA6900AAA7A3 /* Resources */ = {
			isa = PBXResourcesBuildPhase;
			buildActionMask = 2147483647;
			files = (
			);
			runOnlyForDeploymentPostprocessing = 0;
		};
/* End PBXResourcesBuildPhase section */

/* Begin PBXSourcesBuildPhase section */
		3C65218D1B0AAA6900AAA7A3 /* Sources */ = {
			isa = PBXSourcesBuildPhase;
			buildActionMask = 2147483647;
			files = (
				3C0C6B501B2F8CAA00EB3BD7 /* BatchRender2d.m in Sources */,
				3C0C6B4C1B2B409800EB3BD7 /* FirstRender2d.m in Sources */,
				3C65219A1B0AAA6900AAA7A3 /* AppDelegate.m in Sources */,
				3C2C69191B377E6100EC2ACF /* Layer.m in Sources */,
				3C0C6B491B2B22C700EB3BD7 /* RenderableObject.m in Sources */,
				3C0C6B401B2AE62300EB3BD7 /* IndexBuffer.m in Sources */,
				3C7A33A61B10043000159E36 /* ShaderProgram.m in Sources */,
				3C0C6B431B2B224400EB3BD7 /* Render2d.m in Sources */,
				3C2C691C1B383F6D00EC2ACF /* Texture.m in Sources */,
				3C6521A11B0AAA6900AAA7A3 /* GameViewController.m in Sources */,
				3C0C6B371B29E01E00EB3BD7 /* ArrayBuffer.m in Sources */,
				3C0C6B3A1B2AE2B200EB3BD7 /* Buffer.m in Sources */,
				3C6521971B0AAA6900AAA7A3 /* main.m in Sources */,
			);
			runOnlyForDeploymentPostprocessing = 0;
		};
		3C6521AA1B0AAA6900AAA7A3 /* Sources */ = {
			isa = PBXSourcesBuildPhase;
			buildActionMask = 2147483647;
			files = (
				3C6521B51B0AAA6900AAA7A3 /* DirtyBallsTests.m in Sources */,
			);
			runOnlyForDeploymentPostprocessing = 0;
		};
/* End PBXSourcesBuildPhase section */

/* Begin PBXTargetDependency section */
		3C6521B01B0AAA6900AAA7A3 /* PBXTargetDependency */ = {
			isa = PBXTargetDependency;
			target = 3C6521901B0AAA6900AAA7A3 /* DirtyBalls */;
			targetProxy = 3C6521AF1B0AAA6900AAA7A3 /* PBXContainerItemProxy */;
		};
/* End PBXTargetDependency section */

/* Begin PBXVariantGroup section */
		3C6521A21B0AAA6900AAA7A3 /* Main.storyboard */ = {
			isa = PBXVariantGroup;
			children = (
				3C6521A31B0AAA6900AAA7A3 /* Base */,
			);
			name = Main.storyboard;
			sourceTree = "<group>";
		};
		3C6521A71B0AAA6900AAA7A3 /* LaunchScreen.xib */ = {
			isa = PBXVariantGroup;
			children = (
				3C6521A81B0AAA6900AAA7A3 /* Base */,
			);
			name = LaunchScreen.xib;
			sourceTree = "<group>";
		};
/* End PBXVariantGroup section */

/* Begin XCBuildConfiguration section */
		3C6521B61B0AAA6900AAA7A3 /* Debug */ = {
			isa = XCBuildConfiguration;
			buildSettings = {
				ALWAYS_SEARCH_USER_PATHS = NO;
				CLANG_CXX_LANGUAGE_STANDARD = "gnu++0x";
				CLANG_CXX_LIBRARY = "libc++";
				CLANG_ENABLE_MODULES = YES;
				CLANG_ENABLE_OBJC_ARC = YES;
				CLANG_WARN_BOOL_CONVERSION = YES;
				CLANG_WARN_CONSTANT_CONVERSION = YES;
				CLANG_WARN_DIRECT_OBJC_ISA_USAGE = YES_ERROR;
				CLANG_WARN_EMPTY_BODY = YES;
				CLANG_WARN_ENUM_CONVERSION = YES;
				CLANG_WARN_INT_CONVERSION = YES;
				CLANG_WARN_OBJC_ROOT_CLASS = YES_ERROR;
				CLANG_WARN_UNREACHABLE_CODE = YES;
				CLANG_WARN__DUPLICATE_METHOD_MATCH = YES;
				"CODE_SIGN_IDENTITY[sdk=iphoneos*]" = "iPhone Developer";
				COPY_PHASE_STRIP = NO;
				DEBUG_INFORMATION_FORMAT = "dwarf-with-dsym";
				ENABLE_STRICT_OBJC_MSGSEND = YES;
				GCC_C_LANGUAGE_STANDARD = gnu99;
				GCC_DYNAMIC_NO_PIC = NO;
				GCC_NO_COMMON_BLOCKS = YES;
				GCC_OPTIMIZATION_LEVEL = 0;
				GCC_PREPROCESSOR_DEFINITIONS = (
					"DEBUG=1",
					"$(inherited)",
				);
				GCC_SYMBOLS_PRIVATE_EXTERN = NO;
				GCC_WARN_64_TO_32_BIT_CONVERSION = YES;
				GCC_WARN_ABOUT_RETURN_TYPE = YES_ERROR;
				GCC_WARN_UNDECLARED_SELECTOR = YES;
				GCC_WARN_UNINITIALIZED_AUTOS = YES_AGGRESSIVE;
				GCC_WARN_UNUSED_FUNCTION = YES;
				GCC_WARN_UNUSED_VARIABLE = YES;
				IPHONEOS_DEPLOYMENT_TARGET = 8.3;
				MTL_ENABLE_DEBUG_INFO = YES;
				ONLY_ACTIVE_ARCH = YES;
				SDKROOT = iphoneos;
				TARGETED_DEVICE_FAMILY = "1,2";
			};
			name = Debug;
		};
		3C6521B71B0AAA6900AAA7A3 /* Release */ = {
			isa = XCBuildConfiguration;
			buildSettings = {
				ALWAYS_SEARCH_USER_PATHS = NO;
				CLANG_CXX_LANGUAGE_STANDARD = "gnu++0x";
				CLANG_CXX_LIBRARY = "libc++";
				CLANG_ENABLE_MODULES = YES;
				CLANG_ENABLE_OBJC_ARC = YES;
				CLANG_WARN_BOOL_CONVERSION = YES;
				CLANG_WARN_CONSTANT_CONVERSION = YES;
				CLANG_WARN_DIRECT_OBJC_ISA_USAGE = YES_ERROR;
				CLANG_WARN_EMPTY_BODY = YES;
				CLANG_WARN_ENUM_CONVERSION = YES;
				CLANG_WARN_INT_CONVERSION = YES;
				CLANG_WARN_OBJC_ROOT_CLASS = YES_ERROR;
				CLANG_WARN_UNREACHABLE_CODE = YES;
				CLANG_WARN__DUPLICATE_METHOD_MATCH = YES;
				"CODE_SIGN_IDENTITY[sdk=iphoneos*]" = "iPhone Developer";
				COPY_PHASE_STRIP = NO;
				DEBUG_INFORMATION_FORMAT = "dwarf-with-dsym";
				ENABLE_NS_ASSERTIONS = NO;
				ENABLE_STRICT_OBJC_MSGSEND = YES;
				GCC_C_LANGUAGE_STANDARD = gnu99;
				GCC_NO_COMMON_BLOCKS = YES;
				GCC_WARN_64_TO_32_BIT_CONVERSION = YES;
				GCC_WARN_ABOUT_RETURN_TYPE = YES_ERROR;
				GCC_WARN_UNDECLARED_SELECTOR = YES;
				GCC_WARN_UNINITIALIZED_AUTOS = YES_AGGRESSIVE;
				GCC_WARN_UNUSED_FUNCTION = YES;
				GCC_WARN_UNUSED_VARIABLE = YES;
				IPHONEOS_DEPLOYMENT_TARGET = 8.3;
				MTL_ENABLE_DEBUG_INFO = NO;
				SDKROOT = iphoneos;
				TARGETED_DEVICE_FAMILY = "1,2";
				VALIDATE_PRODUCT = YES;
			};
			name = Release;
		};
		3C6521B91B0AAA6900AAA7A3 /* Debug */ = {
			isa = XCBuildConfiguration;
			buildSettings = {
				ASSETCATALOG_COMPILER_APPICON_NAME = AppIcon;
				INFOPLIST_FILE = DirtyBalls/Info.plist;
				LD_RUNPATH_SEARCH_PATHS = "$(inherited) @executable_path/Frameworks";
				PRODUCT_NAME = "$(TARGET_NAME)";
			};
			name = Debug;
		};
		3C6521BA1B0AAA6900AAA7A3 /* Release */ = {
			isa = XCBuildConfiguration;
			buildSettings = {
				ASSETCATALOG_COMPILER_APPICON_NAME = AppIcon;
				INFOPLIST_FILE = DirtyBalls/Info.plist;
				LD_RUNPATH_SEARCH_PATHS = "$(inherited) @executable_path/Frameworks";
				PRODUCT_NAME = "$(TARGET_NAME)";
			};
			name = Release;
		};
		3C6521BC1B0AAA6900AAA7A3 /* Debug */ = {
			isa = XCBuildConfiguration;
			buildSettings = {
				BUNDLE_LOADER = "$(TEST_HOST)";
				FRAMEWORK_SEARCH_PATHS = (
					"$(SDKROOT)/Developer/Library/Frameworks",
					"$(inherited)",
				);
				GCC_PREPROCESSOR_DEFINITIONS = (
					"DEBUG=1",
					"$(inherited)",
				);
				INFOPLIST_FILE = DirtyBallsTests/Info.plist;
				LD_RUNPATH_SEARCH_PATHS = "$(inherited) @executable_path/Frameworks @loader_path/Frameworks";
				PRODUCT_NAME = "$(TARGET_NAME)";
				TEST_HOST = "$(BUILT_PRODUCTS_DIR)/DirtyBalls.app/DirtyBalls";
			};
			name = Debug;
		};
		3C6521BD1B0AAA6900AAA7A3 /* Release */ = {
			isa = XCBuildConfiguration;
			buildSettings = {
				BUNDLE_LOADER = "$(TEST_HOST)";
				FRAMEWORK_SEARCH_PATHS = (
					"$(SDKROOT)/Developer/Library/Frameworks",
					"$(inherited)",
				);
				INFOPLIST_FILE = DirtyBallsTests/Info.plist;
				LD_RUNPATH_SEARCH_PATHS = "$(inherited) @executable_path/Frameworks @loader_path/Frameworks";
				PRODUCT_NAME = "$(TARGET_NAME)";
				TEST_HOST = "$(BUILT_PRODUCTS_DIR)/DirtyBalls.app/DirtyBalls";
			};
			name = Release;
		};
/* End XCBuildConfiguration section */

/* Begin XCConfigurationList section */
		3C65218C1B0AAA6900AAA7A3 /* Build configuration list for PBXProject "DirtyBalls" */ = {
			isa = XCConfigurationList;
			buildConfigurations = (
				3C6521B61B0AAA6900AAA7A3 /* Debug */,
				3C6521B71B0AAA6900AAA7A3 /* Release */,
			);
			defaultConfigurationIsVisible = 0;
			defaultConfigurationName = Release;
		};
		3C6521B81B0AAA6900AAA7A3 /* Build configuration list for PBXNativeTarget "DirtyBalls" */ = {
			isa = XCConfigurationList;
			buildConfigurations = (
				3C6521B91B0AAA6900AAA7A3 /* Debug */,
				3C6521BA1B0AAA6900AAA7A3 /* Release */,
			);
			defaultConfigurationIsVisible = 0;
			defaultConfigurationName = Release;
		};
		3C6521BB1B0AAA6900AAA7A3 /* Build configuration list for PBXNativeTarget "DirtyBallsTests" */ = {
			isa = XCConfigurationList;
			buildConfigurations = (
				3C6521BC1B0AAA6900AAA7A3 /* Debug */,
				3C6521BD1B0AAA6900AAA7A3 /* Release */,
			);
			defaultConfigurationIsVisible = 0;
			defaultConfigurationName = Release;
		};
/* End XCConfigurationList section */
	};
	rootObject = 3C6521891B0AAA6900AAA7A3 /* Project object */;
}
